
Microsoft Visual Studio Solution File, Format Version 10.00
# Visual Studio 2008
Project("{E24C65DC-7377-472B-9ABA-BC803B73C61A}") = "WEB", "F:\校园项目文件\最新项目文件\直达校园\直达校园\WEB\", "{00C0CB99-7D5B-4F7F-8660-67E373374FDF}"
	ProjectSection(WebsiteProperties) = preProject
		TargetFramework = "3.5"
		ProjectReferences = "{1095C7FE-6794-47C4-9DEC-DC264DC27845}|MicroSoft.EnterpriseLibrary.Data.dll;{14BFCF27-D54D-4E62-8A88-4FC6B6300AEC}|System.DAL.dll;{A2E513EA-1687-4BD0-B359-BA5DF15850E6}|System.Model.dll;"
		Debug.AspNetCompiler.VirtualPath = "/WEB"
		Debug.AspNetCompiler.PhysicalPath = "WEB\"
		Debug.AspNetCompiler.TargetPath = "PrecompiledWeb\WEB\"
		Debug.AspNetCompiler.Updateable = "true"
		Debug.AspNetCompiler.ForceOverwrite = "true"
		Debug.AspNetCompiler.FixedNames = "false"
		Debug.AspNetCompiler.Debug = "True"
		Release.AspNetCompiler.VirtualPath = "/WEB"
		Release.AspNetCompiler.PhysicalPath = "WEB\"
		Release.AspNetCompiler.TargetPath = "PrecompiledWeb\WEB\"
		Release.AspNetCompiler.Updateable = "true"
		Release.AspNetCompiler.ForceOverwrite = "true"
		Release.AspNetCompiler.FixedNames = "false"
		Release.AspNetCompiler.Debug = "False"
		VWDPort = "15253"
		DefaultWebSiteLanguage = "Visual C#"
	EndProjectSection
EndProject
Project("{2150E333-8FDC-42A3-9474-1A3956D46DE8}") = "公共层", "公共层", "{87D811C7-A00C-444D-9C40-94391641052F}"
EndProject
Project("{FAE04EC0-301F-11D3-BF4B-00C04F79EFBC}") = "MicroSoft.EnterpriseLibrary.Data", "MicroSoft.EnterpriseLibrary.Data\MicroSoft.EnterpriseLibrary.Data.csproj", "{1095C7FE-6794-47C4-9DEC-DC264DC27845}"
EndProject
Project("{2150E333-8FDC-42A3-9474-1A3956D46DE8}") = "数据层", "数据层", "{7480EE15-1674-4262-B4D5-58A6BA84989D}"
EndProject
Project("{FAE04EC0-301F-11D3-BF4B-00C04F79EFBC}") = "System.DAL", "System.DAL\System.DAL.csproj", "{14BFCF27-D54D-4E62-8A88-4FC6B6300AEC}"
EndProject
Project("{2150E333-8FDC-42A3-9474-1A3956D46DE8}") = "模型层", "模型层", "{883A3D0C-42C8-42FD-81A9-0BF08DBD5765}"
EndProject
Project("{FAE04EC0-301F-11D3-BF4B-00C04F79EFBC}") = "System.Model", "System.Model\System.Model.csproj", "{A2E513EA-1687-4BD0-B359-BA5DF15850E6}"
EndProject
Project("{E24C65DC-7377-472B-9ABA-BC803B73C61A}") = "直达校园APP接口", "直达校园APP接口\", "{428521CB-F878-4220-B23C-802901720415}"
	ProjectSection(WebsiteProperties) = preProject
		TargetFramework = "3.5"
		ProjectReferences = "{1095C7FE-6794-47C4-9DEC-DC264DC27845}|MicroSoft.EnterpriseLibrary.Data.dll;{14BFCF27-D54D-4E62-8A88-4FC6B6300AEC}|System.DAL.dll;{A2E513EA-1687-4BD0-B359-BA5DF15850E6}|System.Model.dll;"
		Debug.AspNetCompiler.VirtualPath = "/直达校园APP接口"
		Debug.AspNetCompiler.PhysicalPath = "直达校园APP接口\"
		Debug.AspNetCompiler.TargetPath = "PrecompiledWeb\直达校园APP接口\"
		Debug.AspNetCompiler.Updateable = "true"
		Debug.AspNetCompiler.ForceOverwrite = "true"
		Debug.AspNetCompiler.FixedNames = "false"
		Debug.AspNetCompiler.Debug = "True"
		Release.AspNetCompiler.VirtualPath = "/直达校园APP接口"
		Release.AspNetCompiler.PhysicalPath = "直达校园APP接口\"
		Release.AspNetCompiler.TargetPath = "PrecompiledWeb\直达校园APP接口\"
		Release.AspNetCompiler.Updateable = "true"
		Release.AspNetCompiler.ForceOverwrite = "true"
		Release.AspNetCompiler.FixedNames = "false"
		Release.AspNetCompiler.Debug = "False"
		VWDPort = "15255"
		DefaultWebSiteLanguage = "Visual C#"
	EndProjectSection
EndProject
Global
	GlobalSection(SolutionConfigurationPlatforms) = preSolution
		Debug|.NET = Debug|.NET
		Debug|Any CPU = Debug|Any CPU
		Debug|Mixed Platforms = Debug|Mixed Platforms
		Release|.NET = Release|.NET
		Release|Any CPU = Release|Any CPU
		Release|Mixed Platforms = Release|Mixed Platforms
	EndGlobalSection
	GlobalSection(ProjectConfigurationPlatforms) = postSolution
		{00C0CB99-7D5B-4F7F-8660-67E373374FDF}.Debug|.NET.ActiveCfg = Debug|.NET
		{00C0CB99-7D5B-4F7F-8660-67E373374FDF}.Debug|.NET.Build.0 = Debug|.NET
		{00C0CB99-7D5B-4F7F-8660-67E373374FDF}.Debug|Any CPU.ActiveCfg = Debug|.NET
		{00C0CB99-7D5B-4F7F-8660-67E373374FDF}.Debug|Mixed Platforms.ActiveCfg = Debug|.NET
		{00C0CB99-7D5B-4F7F-8660-67E373374FDF}.Debug|Mixed Platforms.Build.0 = Debug|.NET
		{00C0CB99-7D5B-4F7F-8660-67E373374FDF}.Release|.NET.ActiveCfg = Debug|.NET
		{00C0CB99-7D5B-4F7F-8660-67E373374FDF}.Release|.NET.Build.0 = Debug|.NET
		{00C0CB99-7D5B-4F7F-8660-67E373374FDF}.Release|Any CPU.ActiveCfg = Debug|.NET
		{00C0CB99-7D5B-4F7F-8660-67E373374FDF}.Release|Mixed Platforms.ActiveCfg = Debug|.NET
		{00C0CB99-7D5B-4F7F-8660-67E373374FDF}.Release|Mixed Platforms.Build.0 = Debug|.NET
		{1095C7FE-6794-47C4-9DEC-DC264DC27845}.Debug|.NET.ActiveCfg = Debug|Any CPU
		{1095C7FE-6794-47C4-9DEC-DC264DC27845}.Debug|Any CPU.ActiveCfg = Debug|Any CPU
		{1095C7FE-6794-47C4-9DEC-DC264DC27845}.Debug|Any CPU.Build.0 = Debug|Any CPU
		{1095C7FE-6794-47C4-9DEC-DC264DC27845}.Debug|Mixed Platforms.ActiveCfg = Debug|Any CPU
		{1095C7FE-6794-47C4-9DEC-DC264DC27845}.Debug|Mixed Platforms.Build.0 = Debug|Any CPU
		{1095C7FE-6794-47C4-9DEC-DC264DC27845}.Release|.NET.ActiveCfg = Release|Any CPU
		{1095C7FE-6794-47C4-9DEC-DC264DC27845}.Release|Any CPU.ActiveCfg = Release|Any CPU
		{1095C7FE-6794-47C4-9DEC-DC264DC27845}.Release|Any CPU.Build.0 = Release|Any CPU
		{1095C7FE-6794-47C4-9DEC-DC264DC27845}.Release|Mixed Platforms.ActiveCfg = Release|Any CPU
		{1095C7FE-6794-47C4-9DEC-DC264DC27845}.Release|Mixed Platforms.Build.0 = Release|Any CPU
		{14BFCF27-D54D-4E62-8A88-4FC6B6300AEC}.Debug|.NET.ActiveCfg = Debug|Any CPU
		{14BFCF27-D54D-4E62-8A88-4FC6B6300AEC}.Debug|Any CPU.ActiveCfg = Debug|Any CPU
		{14BFCF27-D54D-4E62-8A88-4FC6B6300AEC}.Debug|Any CPU.Build.0 = Debug|Any CPU
		{14BFCF27-D54D-4E62-8A88-4FC6B6300AEC}.Debug|Mixed Platforms.ActiveCfg = Debug|Any CPU
		{14BFCF27-D54D-4E62-8A88-4FC6B6300AEC}.Debug|Mixed Platforms.Build.0 = Debug|Any CPU
		{14BFCF27-D54D-4E62-8A88-4FC6B6300AEC}.Release|.NET.ActiveCfg = Release|Any CPU
		{14BFCF27-D54D-4E62-8A88-4FC6B6300AEC}.Release|Any CPU.ActiveCfg = Release|Any CPU
		{14BFCF27-D54D-4E62-8A88-4FC6B6300AEC}.Release|Any CPU.Build.0 = Release|Any CPU
		{14BFCF27-D54D-4E62-8A88-4FC6B6300AEC}.Release|Mixed Platforms.ActiveCfg = Release|Any CPU
		{14BFCF27-D54D-4E62-8A88-4FC6B6300AEC}.Release|Mixed Platforms.Build.0 = Release|Any CPU
		{A2E513EA-1687-4BD0-B359-BA5DF15850E6}.Debug|.NET.ActiveCfg = Debug|Any CPU
		{A2E513EA-1687-4BD0-B359-BA5DF15850E6}.Debug|Any CPU.ActiveCfg = Debug|Any CPU
		{A2E513EA-1687-4BD0-B359-BA5DF15850E6}.Debug|Any CPU.Build.0 = Debug|Any CPU
		{A2E513EA-1687-4BD0-B359-BA5DF15850E6}.Debug|Mixed Platforms.ActiveCfg = Debug|Any CPU
		{A2E513EA-1687-4BD0-B359-BA5DF15850E6}.Debug|Mixed Platforms.Build.0 = Debug|Any CPU
		{A2E513EA-1687-4BD0-B359-BA5DF15850E6}.Release|.NET.ActiveCfg = Release|Any CPU
		{A2E513EA-1687-4BD0-B359-BA5DF15850E6}.Release|Any CPU.ActiveCfg = Release|Any CPU
		{A2E513EA-1687-4BD0-B359-BA5DF15850E6}.Release|Any CPU.Build.0 = Release|Any CPU
		{A2E513EA-1687-4BD0-B359-BA5DF15850E6}.Release|Mixed Platforms.ActiveCfg = Release|Any CPU
		{A2E513EA-1687-4BD0-B359-BA5DF15850E6}.Release|Mixed Platforms.Build.0 = Release|Any CPU
		{428521CB-F878-4220-B23C-802901720415}.Debug|.NET.ActiveCfg = Debug|.NET
		{428521CB-F878-4220-B23C-802901720415}.Debug|.NET.Build.0 = Debug|.NET
		{428521CB-F878-4220-B23C-802901720415}.Debug|Any CPU.ActiveCfg = Debug|.NET
		{428521CB-F878-4220-B23C-802901720415}.Debug|Mixed Platforms.ActiveCfg = Debug|.NET
		{428521CB-F878-4220-B23C-802901720415}.Debug|Mixed Platforms.Build.0 = Debug|.NET
		{428521CB-F878-4220-B23C-802901720415}.Release|.NET.ActiveCfg = Debug|.NET
		{428521CB-F878-4220-B23C-802901720415}.Release|.NET.Build.0 = Debug|.NET
		{428521CB-F878-4220-B23C-802901720415}.Release|Any CPU.ActiveCfg = Debug|.NET
		{428521CB-F878-4220-B23C-802901720415}.Release|Mixed Platforms.ActiveCfg = Debug|.NET
		{428521CB-F878-4220-B23C-802901720415}.Release|Mixed Platforms.Build.0 = Debug|.NET
	EndGlobalSection
	GlobalSection(SolutionProperties) = preSolution
		HideSolutionNode = FALSE
	EndGlobalSection
	GlobalSection(NestedProjects) = preSolution
		{1095C7FE-6794-47C4-9DEC-DC264DC27845} = {87D811C7-A00C-444D-9C40-94391641052F}
		{14BFCF27-D54D-4E62-8A88-4FC6B6300AEC} = {7480EE15-1674-4262-B4D5-58A6BA84989D}
		{A2E513EA-1687-4BD0-B359-BA5DF15850E6} = {883A3D0C-42C8-42FD-81A9-0BF08DBD5765}
	EndGlobalSection
EndGlobal
